
Microsoft Visual Studio Solution File, Format Version 12.00
Project("{FAE04EC0-301F-11D3-BF4B-00C04F79EFBC}") = "Recipes.Api", "src\Recipes.Api\Recipes.Api.csproj", "{AAA79712-27C4-48F6-A34C-FAFDE3B53B2A}"
EndProject
Project("{FAE04EC0-301F-11D3-BF4B-00C04F79EFBC}") = "Recipes.Core", "src\Recipes.Core\Recipes.Core.csproj", "{778DDF41-7F5B-4A66-BB5F-9C9C080872CF}"
EndProject
Project("{FAE04EC0-301F-11D3-BF4B-00C04F79EFBC}") = "Recipes.Infrastructure", "src\Recipes.Infrastructure\Recipes.Infrastructure.csproj", "{87E592CE-BC26-4B41-A380-3D30E1F3B60B}"
EndProject
Project("{FAE04EC0-301F-11D3-BF4B-00C04F79EFBC}") = "Recipes.Web", "src\Recipes.Web\Recipes.Web.csproj", "{49171DEC-6F1F-4B85-B20A-C55C2C34BB76}"
EndProject
Global
	GlobalSection(SolutionConfigurationPlatforms) = preSolution
		Debug|Any CPU = Debug|Any CPU
		Release|Any CPU = Release|Any CPU
	EndGlobalSection
	GlobalSection(ProjectConfigurationPlatforms) = postSolution
		{AAA79712-27C4-48F6-A34C-FAFDE3B53B2A}.Debug|Any CPU.ActiveCfg = Debug|Any CPU
		{AAA79712-27C4-48F6-A34C-FAFDE3B53B2A}.Debug|Any CPU.Build.0 = Debug|Any CPU
		{AAA79712-27C4-48F6-A34C-FAFDE3B53B2A}.Release|Any CPU.ActiveCfg = Release|Any CPU
		{AAA79712-27C4-48F6-A34C-FAFDE3B53B2A}.Release|Any CPU.Build.0 = Release|Any CPU
		{678C3569-C215-433C-A5E2-8DE1C120DE15}.Debug|Any CPU.ActiveCfg = Debug|Any CPU
		{678C3569-C215-433C-A5E2-8DE1C120DE15}.Debug|Any CPU.Build.0 = Debug|Any CPU
		{678C3569-C215-433C-A5E2-8DE1C120DE15}.Release|Any CPU.ActiveCfg = Release|Any CPU
		{678C3569-C215-433C-A5E2-8DE1C120DE15}.Release|Any CPU.Build.0 = Release|Any CPU
		{778DDF41-7F5B-4A66-BB5F-9C9C080872CF}.Debug|Any CPU.ActiveCfg = Debug|Any CPU
		{778DDF41-7F5B-4A66-BB5F-9C9C080872CF}.Debug|Any CPU.Build.0 = Debug|Any CPU
		{778DDF41-7F5B-4A66-BB5F-9C9C080872CF}.Release|Any CPU.ActiveCfg = Release|Any CPU
		{778DDF41-7F5B-4A66-BB5F-9C9C080872CF}.Release|Any CPU.Build.0 = Release|Any CPU
		{87E592CE-BC26-4B41-A380-3D30E1F3B60B}.Debug|Any CPU.ActiveCfg = Debug|Any CPU
		{87E592CE-BC26-4B41-A380-3D30E1F3B60B}.Debug|Any CPU.Build.0 = Debug|Any CPU
		{87E592CE-BC26-4B41-A380-3D30E1F3B60B}.Release|Any CPU.ActiveCfg = Release|Any CPU
		{87E592CE-BC26-4B41-A380-3D30E1F3B60B}.Release|Any CPU.Build.0 = Release|Any CPU
		{49171DEC-6F1F-4B85-B20A-C55C2C34BB76}.Debug|Any CPU.ActiveCfg = Debug|Any CPU
		{49171DEC-6F1F-4B85-B20A-C55C2C34BB76}.Debug|Any CPU.Build.0 = Debug|Any CPU
		{49171DEC-6F1F-4B85-B20A-C55C2C34BB76}.Release|Any CPU.ActiveCfg = Release|Any CPU
		{49171DEC-6F1F-4B85-B20A-C55C2C34BB76}.Release|Any CPU.Build.0 = Release|Any CPU
	EndGlobalSection
EndGlobal
